
Microsoft Visual Studio Solution File, Format Version 12.00
# Visual Studio 2012
Project("{8BC9CEB8-8B4A-11D0-8D11-00A0C91BC942}") = "datalogger", "datalogger.vcxproj", "{9046093C-BEE6-4433-AD6A-BE27565814EC}"
EndProject
Global
	GlobalSection(SolutionConfigurationPlatforms) = preSolution
		Debug|Win32 = Debug|Win32
		DLL Debug|Win32 = DLL Debug|Win32
		DLL Release|Win32 = DLL Release|Win32
		DLL Unicode Debug|Win32 = DLL Unicode Debug|Win32
		DLL Unicode Release|Win32 = DLL Unicode Release|Win32
		DLL Universal Debug|Win32 = DLL Universal Debug|Win32
		DLL Universal Release|Win32 = DLL Universal Release|Win32
		DLL Universal Unicode Debug|Win32 = DLL Universal Unicode Debug|Win32
		DLL Universal Unicode Release|Win32 = DLL Universal Unicode Release|Win32
		Release|Win32 = Release|Win32
		Template|Win32 = Template|Win32
		Unicode Debug|Win32 = Unicode Debug|Win32
		Unicode Release|Win32 = Unicode Release|Win32
		Universal Debug|Win32 = Universal Debug|Win32
		Universal Release|Win32 = Universal Release|Win32
		Universal Unicode Debug|Win32 = Universal Unicode Debug|Win32
		Universal Unicode Release|Win32 = Universal Unicode Release|Win32
	EndGlobalSection
	GlobalSection(ProjectConfigurationPlatforms) = postSolution
		{9046093C-BEE6-4433-AD6A-BE27565814EC}.Debug|Win32.ActiveCfg = Debug|Win32
		{9046093C-BEE6-4433-AD6A-BE27565814EC}.Debug|Win32.Build.0 = Debug|Win32
		{9046093C-BEE6-4433-AD6A-BE27565814EC}.DLL Debug|Win32.ActiveCfg = DLL Debug|Win32
		{9046093C-BEE6-4433-AD6A-BE27565814EC}.DLL Debug|Win32.Build.0 = DLL Debug|Win32
		{9046093C-BEE6-4433-AD6A-BE27565814EC}.DLL Release|Win32.ActiveCfg = DLL Release|Win32
		{9046093C-BEE6-4433-AD6A-BE27565814EC}.DLL Release|Win32.Build.0 = DLL Release|Win32
		{9046093C-BEE6-4433-AD6A-BE27565814EC}.DLL Unicode Debug|Win32.ActiveCfg = DLL Unicode Debug|Win32
		{9046093C-BEE6-4433-AD6A-BE27565814EC}.DLL Unicode Debug|Win32.Build.0 = DLL Unicode Debug|Win32
		{9046093C-BEE6-4433-AD6A-BE27565814EC}.DLL Unicode Release|Win32.ActiveCfg = DLL Unicode Release|Win32
		{9046093C-BEE6-4433-AD6A-BE27565814EC}.DLL Unicode Release|Win32.Build.0 = DLL Unicode Release|Win32
		{9046093C-BEE6-4433-AD6A-BE27565814EC}.DLL Universal Debug|Win32.ActiveCfg = DLL Universal Debug|Win32
		{9046093C-BEE6-4433-AD6A-BE27565814EC}.DLL Universal Debug|Win32.Build.0 = DLL Universal Debug|Win32
		{9046093C-BEE6-4433-AD6A-BE27565814EC}.DLL Universal Release|Win32.ActiveCfg = DLL Universal Release|Win32
		{9046093C-BEE6-4433-AD6A-BE27565814EC}.DLL Universal Release|Win32.Build.0 = DLL Universal Release|Win32
		{9046093C-BEE6-4433-AD6A-BE27565814EC}.DLL Universal Unicode Debug|Win32.ActiveCfg = DLL Universal Unicode Debug|Win32
		{9046093C-BEE6-4433-AD6A-BE27565814EC}.DLL Universal Unicode Debug|Win32.Build.0 = DLL Universal Unicode Debug|Win32
		{9046093C-BEE6-4433-AD6A-BE27565814EC}.DLL Universal Unicode Release|Win32.ActiveCfg = DLL Universal Unicode Release|Win32
		{9046093C-BEE6-4433-AD6A-BE27565814EC}.DLL Universal Unicode Release|Win32.Build.0 = DLL Universal Unicode Release|Win32
		{9046093C-BEE6-4433-AD6A-BE27565814EC}.Release|Win32.ActiveCfg = Release|Win32
		{9046093C-BEE6-4433-AD6A-BE27565814EC}.Release|Win32.Build.0 = Release|Win32
		{9046093C-BEE6-4433-AD6A-BE27565814EC}.Template|Win32.ActiveCfg = Template|Win32
		{9046093C-BEE6-4433-AD6A-BE27565814EC}.Template|Win32.Build.0 = Template|Win32
		{9046093C-BEE6-4433-AD6A-BE27565814EC}.Unicode Debug|Win32.ActiveCfg = Unicode Debug|Win32
		{9046093C-BEE6-4433-AD6A-BE27565814EC}.Unicode Debug|Win32.Build.0 = Unicode Debug|Win32
		{9046093C-BEE6-4433-AD6A-BE27565814EC}.Unicode Release|Win32.ActiveCfg = Unicode Release|Win32
		{9046093C-BEE6-4433-AD6A-BE27565814EC}.Unicode Release|Win32.Build.0 = Unicode Release|Win32
		{9046093C-BEE6-4433-AD6A-BE27565814EC}.Universal Debug|Win32.ActiveCfg = Universal Debug|Win32
		{9046093C-BEE6-4433-AD6A-BE27565814EC}.Universal Debug|Win32.Build.0 = Universal Debug|Win32
		{9046093C-BEE6-4433-AD6A-BE27565814EC}.Universal Release|Win32.ActiveCfg = Universal Release|Win32
		{9046093C-BEE6-4433-AD6A-BE27565814EC}.Universal Release|Win32.Build.0 = Universal Release|Win32
		{9046093C-BEE6-4433-AD6A-BE27565814EC}.Universal Unicode Debug|Win32.ActiveCfg = Universal Unicode Debug|Win32
		{9046093C-BEE6-4433-AD6A-BE27565814EC}.Universal Unicode Debug|Win32.Build.0 = Universal Unicode Debug|Win32
		{9046093C-BEE6-4433-AD6A-BE27565814EC}.Universal Unicode Release|Win32.ActiveCfg = Universal Unicode Release|Win32
		{9046093C-BEE6-4433-AD6A-BE27565814EC}.Universal Unicode Release|Win32.Build.0 = Universal Unicode Release|Win32
	EndGlobalSection
	GlobalSection(SolutionProperties) = preSolution
		HideSolutionNode = FALSE
	EndGlobalSection
EndGlobal
